
Microsoft Visual Studio Solution File, Format Version 12.00
# Visual Studio Version 17
VisualStudioVersion = 17.11.35327.3
MinimumVisualStudioVersion = 10.0.40219.1
Project("{FAE04EC0-301F-11D3-BF4B-00C04F79EFBC}") = "backend", "backend.csproj", "{D4348583-F8AF-4B6B-8401-5A512A9684F1}"
EndProject
Global
	GlobalSection(SolutionConfigurationPlatforms) = preSolution
		Debug|Any CPU = Debug|Any CPU
		Release|Any CPU = Release|Any CPU
	EndGlobalSection
	GlobalSection(ProjectConfigurationPlatforms) = postSolution
		{D4348583-F8AF-4B6B-8401-5A512A9684F1}.Debug|Any CPU.ActiveCfg = Debug|Any CPU
		{D4348583-F8AF-4B6B-8401-5A512A9684F1}.Debug|Any CPU.Build.0 = Debug|Any CPU
		{D4348583-F8AF-4B6B-8401-5A512A9684F1}.Release|Any CPU.ActiveCfg = Release|Any CPU
		{D4348583-F8AF-4B6B-8401-5A512A9684F1}.Release|Any CPU.Build.0 = Release|Any CPU
	EndGlobalSection
	GlobalSection(SolutionProperties) = preSolution
		HideSolutionNode = FALSE
	EndGlobalSection
	GlobalSection(ExtensibilityGlobals) = postSolution
		SolutionGuid = {0E463E84-B026-4A86-B477-6613FC79FC5E}
	EndGlobalSection
EndGlobal
